{
  "nodes": {
    "buildJanetPackage": {
      "inputs": {
        "flake-utils": "flake-utils",
        "nixpkgs": "nixpkgs",
        "treefmt-nix": "treefmt-nix"
      },
      "locked": {
        "lastModified": 1726579692,
        "narHash": "sha256-3ZUoW8FXzh2gVjpRE5F9E2flVpKDujmRGlpr8x9rAZc=",
        "owner": "haruki7049",
        "repo": "buildJanetPackage",
        "rev": "91d230efab966a007ee2173f8eff1e18fde02659",
        "type": "github"
      },
      "original": {
        "owner": "haruki7049",
        "repo": "buildJanetPackage",
        "type": "github"
      }
    },
    "flake-utils": {
      "inputs": {
        "systems": "systems"
      },
      "locked": {
        "lastModified": 1710146030,
        "narHash": "sha256-SZ5L6eA7HJ/nmkzGG7/ISclqe6oZdOZTNoesiInkXPQ=",
        "owner": "numtide",
        "repo": "flake-utils",
        "rev": "b1d9ab70662946ef0850d488da1c9019f3a9752a",
        "type": "github"
      },
      "original": {
        "owner": "numtide",
        "repo": "flake-utils",
        "type": "github"
      }
    },
    "flake-utils_2": {
      "inputs": {
        "systems": "systems_2"
      },
      "locked": {
        "lastModified": 1726560853,
        "narHash": "sha256-X6rJYSESBVr3hBoH0WbKE5KvhPU5bloyZ2L4K60/fPQ=",
        "owner": "numtide",
        "repo": "flake-utils",
        "rev": "c1dfcf08411b08f6b8615f7d8971a2bfa81d5e8a",
        "type": "github"
      },
      "original": {
        "owner": "numtide",
        "repo": "flake-utils",
        "type": "github"
      }
    },
    "nixpkgs": {
      "locked": {
        "lastModified": 1723703277,
        "narHash": "sha256-nk0RaUB5f68BwtXAYy3WAjqFhVKqIl9Z89RGycTa2vk=",
        "owner": "nixos",
        "repo": "nixpkgs",
        "rev": "8b908192e64224420e2d59dfd9b2e4309e154c5d",
        "type": "github"
      },
      "original": {
        "owner": "nixos",
        "ref": "nixpkgs-unstable",
        "repo": "nixpkgs",
        "type": "github"
      }
    },
    "nixpkgs_2": {
      "locked": {
        "lastModified": 1720957393,
        "narHash": "sha256-oedh2RwpjEa+TNxhg5Je9Ch6d3W1NKi7DbRO1ziHemA=",
        "owner": "nixos",
        "repo": "nixpkgs",
        "rev": "693bc46d169f5af9c992095736e82c3488bf7dbb",
        "type": "github"
      },
      "original": {
        "owner": "nixos",
        "ref": "nixos-unstable",
        "repo": "nixpkgs",
        "type": "github"
      }
    },
    "nixpkgs_3": {
      "locked": {
        "lastModified": 1726481836,
        "narHash": "sha256-MWTBH4dd5zIz2iatDb8IkqSjIeFum9jAqkFxgHLdzO4=",
        "owner": "nixos",
        "repo": "nixpkgs",
        "rev": "20f9370d5f588fb8c72e844c54511cab054b5f40",
        "type": "github"
      },
      "original": {
        "owner": "nixos",
        "ref": "nixpkgs-unstable",
        "repo": "nixpkgs",
        "type": "github"
      }
    },
    "root": {
      "inputs": {
        "buildJanetPackage": "buildJanetPackage",
        "flake-utils": "flake-utils_2",
        "nixpkgs": "nixpkgs_3"
      }
    },
    "systems": {
      "locked": {
        "lastModified": 1681028828,
        "narHash": "sha256-Vy1rq5AaRuLzOxct8nz4T6wlgyUR7zLU309k9mBC768=",
        "owner": "nix-systems",
        "repo": "default",
        "rev": "da67096a3b9bf56a91d16901293e51ba5b49a27e",
        "type": "github"
      },
      "original": {
        "owner": "nix-systems",
        "repo": "default",
        "type": "github"
      }
    },
    "systems_2": {
      "locked": {
        "lastModified": 1681028828,
        "narHash": "sha256-Vy1rq5AaRuLzOxct8nz4T6wlgyUR7zLU309k9mBC768=",
        "owner": "nix-systems",
        "repo": "default",
        "rev": "da67096a3b9bf56a91d16901293e51ba5b49a27e",
        "type": "github"
      },
      "original": {
        "owner": "nix-systems",
        "repo": "default",
        "type": "github"
      }
    },
    "treefmt-nix": {
      "inputs": {
        "nixpkgs": "nixpkgs_2"
      },
      "locked": {
        "lastModified": 1723656612,
        "narHash": "sha256-6Sx+/VhRPLR+kRf6rnNUFMQ66DUz1DMYajixYUe+CUU=",
        "owner": "numtide",
        "repo": "treefmt-nix",
        "rev": "4a6d7dccf80a1aa2d04cfaa88d9e5511542a2486",
        "type": "github"
      },
      "original": {
        "owner": "numtide",
        "repo": "treefmt-nix",
        "type": "github"
      }
    }
  },
  "root": "root",
  "version": 7
}
